{
  "originHash" : "5d197773adb657d65d316a7e50707a53c118728edb0754d6a5149117dd0d6020",
  "pins" : [
    {
      "identity" : "openai",
      "kind" : "remoteSourceControl",
      "location" : "https://github.com/MacPaw/OpenAI.git",
      "state" : {
        "revision" : "35afc9a6ee127b8f22a85a31aec2036a987478af",
        "version" : "0.2.6"
      }
    },
    {
      "identity" : "similarity-search-kit",
      "kind" : "remoteSourceControl",
      "location" : "https://github.com/ZachNagengast/similarity-search-kit.git",
      "state" : {
        "revision" : "ef737c4aad3af904a9925c476dc37c0dddc6ad8c",
        "version" : "0.0.14"
      }
    },
    {
      "identity" : "svdb",
      "kind" : "remoteSourceControl",
      "location" : "https://github.com/Dripfarm/SVDB.git",
      "state" : {
        "revision" : "01e78b8bb9423e40201db450180f731c9a67c554",
        "version" : "2.0.0"
      }
    },
    {
      "identity" : "swiftcsv",
      "kind" : "remoteSourceControl",
      "location" : "https://github.com/swiftcsv/SwiftCSV.git",
      "state" : {
        "revision" : "b61dcd1b2b1120e751cee4cd64a16ff10364885d",
        "version" : "0.9.1"
      }
    }
  ],
  "version" : 3
}
